{
  "nodes": {
    "fenix": {
      "inputs": {
        "nixpkgs": [
          "nixpkgs"
        ],
        "rust-analyzer-src": "rust-analyzer-src"
      },
      "locked": {
        "lastModified": 1660890677,
        "narHash": "sha256-Pjo7boTFANtflin0ESiwhFIrtCfss0z2DjEbKMjeFh8=",
        "owner": "nix-community",
        "repo": "fenix",
        "rev": "dca822b67ddf0af52f9b63feaeefc1668c8635c0",
        "type": "github"
      },
      "original": {
        "owner": "nix-community",
        "repo": "fenix",
        "type": "github"
      }
    },
    "fractal-src": {
      "flake": false,
      "locked": {
        "lastModified": 1660725228,
        "narHash": "sha256-T98QVTRvsVQqd4my+6J27omyXiLX1y85qi+W7tOL8co=",
        "ref": "refs/heads/main",
        "rev": "36eee80e4feae39e9892ec6af41bc37d4d300bc9",
        "revCount": 737,
        "type": "git",
        "url": "https://gitlab.gnome.org/GNOME/fractal.git"
      },
      "original": {
        "type": "git",
        "url": "https://gitlab.gnome.org/GNOME/fractal.git"
      }
    },
    "libadwaita-src": {
      "flake": false,
      "locked": {
        "lastModified": 1660889061,
        "narHash": "sha256-0ennLhBVzlaFhl/PzrBx3EM1PGvxW97OjLDFDljzn/I=",
        "ref": "refs/heads/main",
        "rev": "34dc7484b4ecbd1256d33910040f3147d64f1d9f",
        "revCount": 3137,
        "type": "git",
        "url": "https://gitlab.gnome.org/GNOME/libadwaita.git?tag=1.2.beta"
      },
      "original": {
        "type": "git",
        "url": "https://gitlab.gnome.org/GNOME/libadwaita.git?tag=1.2.beta"
      }
    },
    "nixpkgs": {
      "locked": {
        "lastModified": 1660819943,
        "narHash": "sha256-TRZV/mlW1eYuojqDC3ueYWj7jsTKXJCtyMLNYX/Ybtw=",
        "owner": "NixOS",
        "repo": "nixpkgs",
        "rev": "8ea014acc33da95ea56c902229957d8225005163",
        "type": "github"
      },
      "original": {
        "id": "nixpkgs",
        "ref": "nixos-unstable",
        "type": "indirect"
      }
    },
    "root": {
      "inputs": {
        "fenix": "fenix",
        "fractal-src": "fractal-src",
        "libadwaita-src": "libadwaita-src",
        "nixpkgs": "nixpkgs"
      }
    },
    "rust-analyzer-src": {
      "flake": false,
      "locked": {
        "lastModified": 1660838778,
        "narHash": "sha256-SpV0kKZ5b0+w6y15x7ZvBTjxOiAfqgyPq5SWpHDxoV4=",
        "owner": "rust-lang",
        "repo": "rust-analyzer",
        "rev": "917bd68b37de4e60e7203061a0a9c23b74d2b5c2",
        "type": "github"
      },
      "original": {
        "owner": "rust-lang",
        "ref": "nightly",
        "repo": "rust-analyzer",
        "type": "github"
      }
    }
  },
  "root": "root",
  "version": 7
}
